
Microsoft Visual Studio Solution File, Format Version 12.00
# Visual Studio Version 17
VisualStudioVersion = 17.2.32602.215
MinimumVisualStudioVersion = 10.0.40219.1
Project("{FAE04EC0-301F-11D3-BF4B-00C04F79EFBC}") = "HomeworkMVCCalculator", "HomeworkMVCCalculator\HomeworkMVCCalculator.csproj", "{5D45AE0D-8CF8-43CB-82D8-88D224A95BDA}"
EndProject
Global
	GlobalSection(SolutionConfigurationPlatforms) = preSolution
		Debug|Any CPU = Debug|Any CPU
		Release|Any CPU = Release|Any CPU
	EndGlobalSection
	GlobalSection(ProjectConfigurationPlatforms) = postSolution
		{5D45AE0D-8CF8-43CB-82D8-88D224A95BDA}.Debug|Any CPU.ActiveCfg = Debug|Any CPU
		{5D45AE0D-8CF8-43CB-82D8-88D224A95BDA}.Debug|Any CPU.Build.0 = Debug|Any CPU
		{5D45AE0D-8CF8-43CB-82D8-88D224A95BDA}.Release|Any CPU.ActiveCfg = Release|Any CPU
		{5D45AE0D-8CF8-43CB-82D8-88D224A95BDA}.Release|Any CPU.Build.0 = Release|Any CPU
	EndGlobalSection
	GlobalSection(SolutionProperties) = preSolution
		HideSolutionNode = FALSE
	EndGlobalSection
	GlobalSection(ExtensibilityGlobals) = postSolution
		SolutionGuid = {6C7080BF-ED15-4048-8DB5-99DC96EAEA10}
	EndGlobalSection
EndGlobal
